
Microsoft Visual Studio Solution File, Format Version 12.00
# Visual Studio 15
VisualStudioVersion = 15.0.27130.2027
MinimumVisualStudioVersion = 10.0.40219.1
Project("{FAE04EC0-301F-11D3-BF4B-00C04F79EFBC}") = "Xam.Plugin.TabView", "Xam.Plugin.TabView\Xam.Plugin.TabView.csproj", "{111D9277-0A66-45C1-BDCC-E219AD564C17}"
EndProject
Project("{2150E333-8FDC-42A3-9474-1A3956D46DE8}") = "Sample", "Sample", "{C962132A-50EB-4537-8DED-00F477C14296}"
EndProject
Project("{FAE04EC0-301F-11D3-BF4B-00C04F79EFBC}") = "TabViewSample.Android", "TabViewSample\TabViewSample.Android\TabViewSample.Android.csproj", "{BF3C128F-114F-4EA9-BC0B-F74B35D2B45D}"
EndProject
Project("{FAE04EC0-301F-11D3-BF4B-00C04F79EFBC}") = "TabViewSample.iOS", "TabViewSample\TabViewSample.iOS\TabViewSample.iOS.csproj", "{B4235E46-CD20-4B22-8E94-749E3B7B456F}"
EndProject
Project("{FAE04EC0-301F-11D3-BF4B-00C04F79EFBC}") = "TabViewSample.UWP", "TabViewSample\TabViewSample.UWP\TabViewSample.UWP.csproj", "{909B2717-A345-4085-BDE7-9D06500321BF}"
EndProject
Project("{FAE04EC0-301F-11D3-BF4B-00C04F79EFBC}") = "TabViewSample", "TabViewSample\TabViewSample\TabViewSample.csproj", "{A1BE3D09-4218-4BA3-BB05-960D3C6A6FC7}"
EndProject
Global
	GlobalSection(SolutionConfigurationPlatforms) = preSolution
		Ad-Hoc|Any CPU = Ad-Hoc|Any CPU
		Ad-Hoc|ARM = Ad-Hoc|ARM
		Ad-Hoc|iPhone = Ad-Hoc|iPhone
		Ad-Hoc|iPhoneSimulator = Ad-Hoc|iPhoneSimulator
		Ad-Hoc|x64 = Ad-Hoc|x64
		Ad-Hoc|x86 = Ad-Hoc|x86
		AppStore|Any CPU = AppStore|Any CPU
		AppStore|ARM = AppStore|ARM
		AppStore|iPhone = AppStore|iPhone
		AppStore|iPhoneSimulator = AppStore|iPhoneSimulator
		AppStore|x64 = AppStore|x64
		AppStore|x86 = AppStore|x86
		Debug|Any CPU = Debug|Any CPU
		Debug|ARM = Debug|ARM
		Debug|iPhone = Debug|iPhone
		Debug|iPhoneSimulator = Debug|iPhoneSimulator
		Debug|x64 = Debug|x64
		Debug|x86 = Debug|x86
		Release|Any CPU = Release|Any CPU
		Release|ARM = Release|ARM
		Release|iPhone = Release|iPhone
		Release|iPhoneSimulator = Release|iPhoneSimulator
		Release|x64 = Release|x64
		Release|x86 = Release|x86
	EndGlobalSection
	GlobalSection(ProjectConfigurationPlatforms) = postSolution
		{111D9277-0A66-45C1-BDCC-E219AD564C17}.Ad-Hoc|Any CPU.ActiveCfg = Release|Any CPU
		{111D9277-0A66-45C1-BDCC-E219AD564C17}.Ad-Hoc|Any CPU.Build.0 = Release|Any CPU
		{111D9277-0A66-45C1-BDCC-E219AD564C17}.Ad-Hoc|ARM.ActiveCfg = Release|Any CPU
		{111D9277-0A66-45C1-BDCC-E219AD564C17}.Ad-Hoc|ARM.Build.0 = Release|Any CPU
		{111D9277-0A66-45C1-BDCC-E219AD564C17}.Ad-Hoc|iPhone.ActiveCfg = Release|Any CPU
		{111D9277-0A66-45C1-BDCC-E219AD564C17}.Ad-Hoc|iPhone.Build.0 = Release|Any CPU
		{111D9277-0A66-45C1-BDCC-E219AD564C17}.Ad-Hoc|iPhoneSimulator.ActiveCfg = Release|Any CPU
		{111D9277-0A66-45C1-BDCC-E219AD564C17}.Ad-Hoc|iPhoneSimulator.Build.0 = Release|Any CPU
		{111D9277-0A66-45C1-BDCC-E219AD564C17}.Ad-Hoc|x64.ActiveCfg = Release|Any CPU
		{111D9277-0A66-45C1-BDCC-E219AD564C17}.Ad-Hoc|x64.Build.0 = Release|Any CPU
		{111D9277-0A66-45C1-BDCC-E219AD564C17}.Ad-Hoc|x86.ActiveCfg = Release|Any CPU
		{111D9277-0A66-45C1-BDCC-E219AD564C17}.Ad-Hoc|x86.Build.0 = Release|Any CPU
		{111D9277-0A66-45C1-BDCC-E219AD564C17}.AppStore|Any CPU.ActiveCfg = Release|Any CPU
		{111D9277-0A66-45C1-BDCC-E219AD564C17}.AppStore|Any CPU.Build.0 = Release|Any CPU
		{111D9277-0A66-45C1-BDCC-E219AD564C17}.AppStore|ARM.ActiveCfg = Release|Any CPU
		{111D9277-0A66-45C1-BDCC-E219AD564C17}.AppStore|ARM.Build.0 = Release|Any CPU
		{111D9277-0A66-45C1-BDCC-E219AD564C17}.AppStore|iPhone.ActiveCfg = Release|Any CPU
		{111D9277-0A66-45C1-BDCC-E219AD564C17}.AppStore|iPhone.Build.0 = Release|Any CPU
		{111D9277-0A66-45C1-BDCC-E219AD564C17}.AppStore|iPhoneSimulator.ActiveCfg = Release|Any CPU
		{111D9277-0A66-45C1-BDCC-E219AD564C17}.AppStore|iPhoneSimulator.Build.0 = Release|Any CPU
		{111D9277-0A66-45C1-BDCC-E219AD564C17}.AppStore|x64.ActiveCfg = Release|Any CPU
		{111D9277-0A66-45C1-BDCC-E219AD564C17}.AppStore|x64.Build.0 = Release|Any CPU
		{111D9277-0A66-45C1-BDCC-E219AD564C17}.AppStore|x86.ActiveCfg = Release|Any CPU
		{111D9277-0A66-45C1-BDCC-E219AD564C17}.AppStore|x86.Build.0 = Release|Any CPU
		{111D9277-0A66-45C1-BDCC-E219AD564C17}.Debug|Any CPU.ActiveCfg = Debug|Any CPU
		{111D9277-0A66-45C1-BDCC-E219AD564C17}.Debug|Any CPU.Build.0 = Debug|Any CPU
		{111D9277-0A66-45C1-BDCC-E219AD564C17}.Debug|ARM.ActiveCfg = Debug|Any CPU
		{111D9277-0A66-45C1-BDCC-E219AD564C17}.Debug|ARM.Build.0 = Debug|Any CPU
		{111D9277-0A66-45C1-BDCC-E219AD564C17}.Debug|iPhone.ActiveCfg = Debug|Any CPU
		{111D9277-0A66-45C1-BDCC-E219AD564C17}.Debug|iPhone.Build.0 = Debug|Any CPU
		{111D9277-0A66-45C1-BDCC-E219AD564C17}.Debug|iPhoneSimulator.ActiveCfg = Debug|Any CPU
		{111D9277-0A66-45C1-BDCC-E219AD564C17}.Debug|iPhoneSimulator.Build.0 = Debug|Any CPU
		{111D9277-0A66-45C1-BDCC-E219AD564C17}.Debug|x64.ActiveCfg = Debug|Any CPU
		{111D9277-0A66-45C1-BDCC-E219AD564C17}.Debug|x64.Build.0 = Debug|Any CPU
		{111D9277-0A66-45C1-BDCC-E219AD564C17}.Debug|x86.ActiveCfg = Release|Any CPU
		{111D9277-0A66-45C1-BDCC-E219AD564C17}.Debug|x86.Build.0 = Release|Any CPU
		{111D9277-0A66-45C1-BDCC-E219AD564C17}.Release|Any CPU.ActiveCfg = Release|Any CPU
		{111D9277-0A66-45C1-BDCC-E219AD564C17}.Release|Any CPU.Build.0 = Release|Any CPU
		{111D9277-0A66-45C1-BDCC-E219AD564C17}.Release|ARM.ActiveCfg = Release|Any CPU
		{111D9277-0A66-45C1-BDCC-E219AD564C17}.Release|ARM.Build.0 = Release|Any CPU
		{111D9277-0A66-45C1-BDCC-E219AD564C17}.Release|iPhone.ActiveCfg = Release|Any CPU
		{111D9277-0A66-45C1-BDCC-E219AD564C17}.Release|iPhone.Build.0 = Release|Any CPU
		{111D9277-0A66-45C1-BDCC-E219AD564C17}.Release|iPhoneSimulator.ActiveCfg = Release|Any CPU
		{111D9277-0A66-45C1-BDCC-E219AD564C17}.Release|iPhoneSimulator.Build.0 = Release|Any CPU
		{111D9277-0A66-45C1-BDCC-E219AD564C17}.Release|x64.ActiveCfg = Release|Any CPU
		{111D9277-0A66-45C1-BDCC-E219AD564C17}.Release|x64.Build.0 = Release|Any CPU
		{111D9277-0A66-45C1-BDCC-E219AD564C17}.Release|x86.ActiveCfg = Release|Any CPU
		{111D9277-0A66-45C1-BDCC-E219AD564C17}.Release|x86.Build.0 = Release|Any CPU
		{BF3C128F-114F-4EA9-BC0B-F74B35D2B45D}.Ad-Hoc|Any CPU.ActiveCfg = Release|Any CPU
		{BF3C128F-114F-4EA9-BC0B-F74B35D2B45D}.Ad-Hoc|Any CPU.Build.0 = Release|Any CPU
		{BF3C128F-114F-4EA9-BC0B-F74B35D2B45D}.Ad-Hoc|Any CPU.Deploy.0 = Release|Any CPU
		{BF3C128F-114F-4EA9-BC0B-F74B35D2B45D}.Ad-Hoc|ARM.ActiveCfg = Release|Any CPU
		{BF3C128F-114F-4EA9-BC0B-F74B35D2B45D}.Ad-Hoc|ARM.Build.0 = Release|Any CPU
		{BF3C128F-114F-4EA9-BC0B-F74B35D2B45D}.Ad-Hoc|ARM.Deploy.0 = Release|Any CPU
		{BF3C128F-114F-4EA9-BC0B-F74B35D2B45D}.Ad-Hoc|iPhone.ActiveCfg = Release|Any CPU
		{BF3C128F-114F-4EA9-BC0B-F74B35D2B45D}.Ad-Hoc|iPhone.Build.0 = Release|Any CPU
		{BF3C128F-114F-4EA9-BC0B-F74B35D2B45D}.Ad-Hoc|iPhone.Deploy.0 = Release|Any CPU
		{BF3C128F-114F-4EA9-BC0B-F74B35D2B45D}.Ad-Hoc|iPhoneSimulator.ActiveCfg = Release|Any CPU
		{BF3C128F-114F-4EA9-BC0B-F74B35D2B45D}.Ad-Hoc|iPhoneSimulator.Build.0 = Release|Any CPU
		{BF3C128F-114F-4EA9-BC0B-F74B35D2B45D}.Ad-Hoc|iPhoneSimulator.Deploy.0 = Release|Any CPU
		{BF3C128F-114F-4EA9-BC0B-F74B35D2B45D}.Ad-Hoc|x64.ActiveCfg = Release|Any CPU
		{BF3C128F-114F-4EA9-BC0B-F74B35D2B45D}.Ad-Hoc|x64.Build.0 = Release|Any CPU
		{BF3C128F-114F-4EA9-BC0B-F74B35D2B45D}.Ad-Hoc|x64.Deploy.0 = Release|Any CPU
		{BF3C128F-114F-4EA9-BC0B-F74B35D2B45D}.Ad-Hoc|x86.ActiveCfg = Release|Any CPU
		{BF3C128F-114F-4EA9-BC0B-F74B35D2B45D}.Ad-Hoc|x86.Build.0 = Release|Any CPU
		{BF3C128F-114F-4EA9-BC0B-F74B35D2B45D}.Ad-Hoc|x86.Deploy.0 = Release|Any CPU
		{BF3C128F-114F-4EA9-BC0B-F74B35D2B45D}.AppStore|Any CPU.ActiveCfg = Release|Any CPU
		{BF3C128F-114F-4EA9-BC0B-F74B35D2B45D}.AppStore|Any CPU.Build.0 = Release|Any CPU
		{BF3C128F-114F-4EA9-BC0B-F74B35D2B45D}.AppStore|Any CPU.Deploy.0 = Release|Any CPU
		{BF3C128F-114F-4EA9-BC0B-F74B35D2B45D}.AppStore|ARM.ActiveCfg = Release|Any CPU
		{BF3C128F-114F-4EA9-BC0B-F74B35D2B45D}.AppStore|ARM.Build.0 = Release|Any CPU
		{BF3C128F-114F-4EA9-BC0B-F74B35D2B45D}.AppStore|ARM.Deploy.0 = Release|Any CPU
		{BF3C128F-114F-4EA9-BC0B-F74B35D2B45D}.AppStore|iPhone.ActiveCfg = Release|Any CPU
		{BF3C128F-114F-4EA9-BC0B-F74B35D2B45D}.AppStore|iPhone.Build.0 = Release|Any CPU
		{BF3C128F-114F-4EA9-BC0B-F74B35D2B45D}.AppStore|iPhone.Deploy.0 = Release|Any CPU
		{BF3C128F-114F-4EA9-BC0B-F74B35D2B45D}.AppStore|iPhoneSimulator.ActiveCfg = Release|Any CPU
		{BF3C128F-114F-4EA9-BC0B-F74B35D2B45D}.AppStore|iPhoneSimulator.Build.0 = Release|Any CPU
		{BF3C128F-114F-4EA9-BC0B-F74B35D2B45D}.AppStore|iPhoneSimulator.Deploy.0 = Release|Any CPU
		{BF3C128F-114F-4EA9-BC0B-F74B35D2B45D}.AppStore|x64.ActiveCfg = Release|Any CPU
		{BF3C128F-114F-4EA9-BC0B-F74B35D2B45D}.AppStore|x64.Build.0 = Release|Any CPU
		{BF3C128F-114F-4EA9-BC0B-F74B35D2B45D}.AppStore|x64.Deploy.0 = Release|Any CPU
		{BF3C128F-114F-4EA9-BC0B-F74B35D2B45D}.AppStore|x86.ActiveCfg = Release|Any CPU
		{BF3C128F-114F-4EA9-BC0B-F74B35D2B45D}.AppStore|x86.Build.0 = Release|Any CPU
		{BF3C128F-114F-4EA9-BC0B-F74B35D2B45D}.AppStore|x86.Deploy.0 = Release|Any CPU
		{BF3C128F-114F-4EA9-BC0B-F74B35D2B45D}.Debug|Any CPU.ActiveCfg = Debug|Any CPU
		{BF3C128F-114F-4EA9-BC0B-F74B35D2B45D}.Debug|Any CPU.Build.0 = Debug|Any CPU
		{BF3C128F-114F-4EA9-BC0B-F74B35D2B45D}.Debug|Any CPU.Deploy.0 = Debug|Any CPU
		{BF3C128F-114F-4EA9-BC0B-F74B35D2B45D}.Debug|ARM.ActiveCfg = Debug|Any CPU
		{BF3C128F-114F-4EA9-BC0B-F74B35D2B45D}.Debug|ARM.Build.0 = Debug|Any CPU
		{BF3C128F-114F-4EA9-BC0B-F74B35D2B45D}.Debug|ARM.Deploy.0 = Debug|Any CPU
		{BF3C128F-114F-4EA9-BC0B-F74B35D2B45D}.Debug|iPhone.ActiveCfg = Debug|Any CPU
		{BF3C128F-114F-4EA9-BC0B-F74B35D2B45D}.Debug|iPhone.Build.0 = Debug|Any CPU
		{BF3C128F-114F-4EA9-BC0B-F74B35D2B45D}.Debug|iPhone.Deploy.0 = Debug|Any CPU
		{BF3C128F-114F-4EA9-BC0B-F74B35D2B45D}.Debug|iPhoneSimulator.ActiveCfg = Debug|Any CPU
		{BF3C128F-114F-4EA9-BC0B-F74B35D2B45D}.Debug|iPhoneSimulator.Build.0 = Debug|Any CPU
		{BF3C128F-114F-4EA9-BC0B-F74B35D2B45D}.Debug|iPhoneSimulator.Deploy.0 = Debug|Any CPU
		{BF3C128F-114F-4EA9-BC0B-F74B35D2B45D}.Debug|x64.ActiveCfg = Debug|Any CPU
		{BF3C128F-114F-4EA9-BC0B-F74B35D2B45D}.Debug|x64.Build.0 = Debug|Any CPU
		{BF3C128F-114F-4EA9-BC0B-F74B35D2B45D}.Debug|x64.Deploy.0 = Debug|Any CPU
		{BF3C128F-114F-4EA9-BC0B-F74B35D2B45D}.Debug|x86.ActiveCfg = Debug|Any CPU
		{BF3C128F-114F-4EA9-BC0B-F74B35D2B45D}.Debug|x86.Build.0 = Debug|Any CPU
		{BF3C128F-114F-4EA9-BC0B-F74B35D2B45D}.Debug|x86.Deploy.0 = Debug|Any CPU
		{BF3C128F-114F-4EA9-BC0B-F74B35D2B45D}.Release|Any CPU.ActiveCfg = Release|Any CPU
		{BF3C128F-114F-4EA9-BC0B-F74B35D2B45D}.Release|Any CPU.Build.0 = Release|Any CPU
		{BF3C128F-114F-4EA9-BC0B-F74B35D2B45D}.Release|Any CPU.Deploy.0 = Release|Any CPU
		{BF3C128F-114F-4EA9-BC0B-F74B35D2B45D}.Release|ARM.ActiveCfg = Release|Any CPU
		{BF3C128F-114F-4EA9-BC0B-F74B35D2B45D}.Release|ARM.Build.0 = Release|Any CPU
		{BF3C128F-114F-4EA9-BC0B-F74B35D2B45D}.Release|ARM.Deploy.0 = Release|Any CPU
		{BF3C128F-114F-4EA9-BC0B-F74B35D2B45D}.Release|iPhone.ActiveCfg = Release|Any CPU
		{BF3C128F-114F-4EA9-BC0B-F74B35D2B45D}.Release|iPhone.Build.0 = Release|Any CPU
		{BF3C128F-114F-4EA9-BC0B-F74B35D2B45D}.Release|iPhone.Deploy.0 = Release|Any CPU
		{BF3C128F-114F-4EA9-BC0B-F74B35D2B45D}.Release|iPhoneSimulator.ActiveCfg = Release|Any CPU
		{BF3C128F-114F-4EA9-BC0B-F74B35D2B45D}.Release|iPhoneSimulator.Build.0 = Release|Any CPU
		{BF3C128F-114F-4EA9-BC0B-F74B35D2B45D}.Release|iPhoneSimulator.Deploy.0 = Release|Any CPU
		{BF3C128F-114F-4EA9-BC0B-F74B35D2B45D}.Release|x64.ActiveCfg = Release|Any CPU
		{BF3C128F-114F-4EA9-BC0B-F74B35D2B45D}.Release|x64.Build.0 = Release|Any CPU
		{BF3C128F-114F-4EA9-BC0B-F74B35D2B45D}.Release|x64.Deploy.0 = Release|Any CPU
		{BF3C128F-114F-4EA9-BC0B-F74B35D2B45D}.Release|x86.ActiveCfg = Release|Any CPU
		{BF3C128F-114F-4EA9-BC0B-F74B35D2B45D}.Release|x86.Build.0 = Release|Any CPU
		{BF3C128F-114F-4EA9-BC0B-F74B35D2B45D}.Release|x86.Deploy.0 = Release|Any CPU
		{B4235E46-CD20-4B22-8E94-749E3B7B456F}.Ad-Hoc|Any CPU.ActiveCfg = Ad-Hoc|iPhone
		{B4235E46-CD20-4B22-8E94-749E3B7B456F}.Ad-Hoc|ARM.ActiveCfg = Ad-Hoc|iPhone
		{B4235E46-CD20-4B22-8E94-749E3B7B456F}.Ad-Hoc|iPhone.ActiveCfg = Ad-Hoc|iPhone
		{B4235E46-CD20-4B22-8E94-749E3B7B456F}.Ad-Hoc|iPhone.Build.0 = Ad-Hoc|iPhone
		{B4235E46-CD20-4B22-8E94-749E3B7B456F}.Ad-Hoc|iPhoneSimulator.ActiveCfg = Ad-Hoc|iPhoneSimulator
		{B4235E46-CD20-4B22-8E94-749E3B7B456F}.Ad-Hoc|iPhoneSimulator.Build.0 = Ad-Hoc|iPhoneSimulator
		{B4235E46-CD20-4B22-8E94-749E3B7B456F}.Ad-Hoc|x64.ActiveCfg = Ad-Hoc|iPhone
		{B4235E46-CD20-4B22-8E94-749E3B7B456F}.Ad-Hoc|x86.ActiveCfg = Ad-Hoc|iPhone
		{B4235E46-CD20-4B22-8E94-749E3B7B456F}.AppStore|Any CPU.ActiveCfg = AppStore|iPhone
		{B4235E46-CD20-4B22-8E94-749E3B7B456F}.AppStore|ARM.ActiveCfg = AppStore|iPhone
		{B4235E46-CD20-4B22-8E94-749E3B7B456F}.AppStore|iPhone.ActiveCfg = AppStore|iPhone
		{B4235E46-CD20-4B22-8E94-749E3B7B456F}.AppStore|iPhone.Build.0 = AppStore|iPhone
		{B4235E46-CD20-4B22-8E94-749E3B7B456F}.AppStore|iPhoneSimulator.ActiveCfg = AppStore|iPhoneSimulator
		{B4235E46-CD20-4B22-8E94-749E3B7B456F}.AppStore|iPhoneSimulator.Build.0 = AppStore|iPhoneSimulator
		{B4235E46-CD20-4B22-8E94-749E3B7B456F}.AppStore|x64.ActiveCfg = AppStore|iPhone
		{B4235E46-CD20-4B22-8E94-749E3B7B456F}.AppStore|x86.ActiveCfg = AppStore|iPhone
		{B4235E46-CD20-4B22-8E94-749E3B7B456F}.Debug|Any CPU.ActiveCfg = Debug|iPhone
		{B4235E46-CD20-4B22-8E94-749E3B7B456F}.Debug|ARM.ActiveCfg = Debug|iPhone
		{B4235E46-CD20-4B22-8E94-749E3B7B456F}.Debug|iPhone.ActiveCfg = Debug|iPhone
		{B4235E46-CD20-4B22-8E94-749E3B7B456F}.Debug|iPhone.Build.0 = Debug|iPhone
		{B4235E46-CD20-4B22-8E94-749E3B7B456F}.Debug|iPhoneSimulator.ActiveCfg = Debug|iPhoneSimulator
		{B4235E46-CD20-4B22-8E94-749E3B7B456F}.Debug|iPhoneSimulator.Build.0 = Debug|iPhoneSimulator
		{B4235E46-CD20-4B22-8E94-749E3B7B456F}.Debug|x64.ActiveCfg = Debug|iPhone
		{B4235E46-CD20-4B22-8E94-749E3B7B456F}.Debug|x86.ActiveCfg = Debug|iPhone
		{B4235E46-CD20-4B22-8E94-749E3B7B456F}.Release|Any CPU.ActiveCfg = Release|iPhone
		{B4235E46-CD20-4B22-8E94-749E3B7B456F}.Release|ARM.ActiveCfg = Release|iPhone
		{B4235E46-CD20-4B22-8E94-749E3B7B456F}.Release|iPhone.ActiveCfg = Release|iPhone
		{B4235E46-CD20-4B22-8E94-749E3B7B456F}.Release|iPhone.Build.0 = Release|iPhone
		{B4235E46-CD20-4B22-8E94-749E3B7B456F}.Release|iPhoneSimulator.ActiveCfg = Release|iPhoneSimulator
		{B4235E46-CD20-4B22-8E94-749E3B7B456F}.Release|iPhoneSimulator.Build.0 = Release|iPhoneSimulator
		{B4235E46-CD20-4B22-8E94-749E3B7B456F}.Release|x64.ActiveCfg = Release|iPhone
		{B4235E46-CD20-4B22-8E94-749E3B7B456F}.Release|x86.ActiveCfg = Release|iPhone
		{909B2717-A345-4085-BDE7-9D06500321BF}.Ad-Hoc|Any CPU.ActiveCfg = Release|x86
		{909B2717-A345-4085-BDE7-9D06500321BF}.Ad-Hoc|Any CPU.Build.0 = Release|x86
		{909B2717-A345-4085-BDE7-9D06500321BF}.Ad-Hoc|Any CPU.Deploy.0 = Release|x86
		{909B2717-A345-4085-BDE7-9D06500321BF}.Ad-Hoc|ARM.ActiveCfg = Release|ARM
		{909B2717-A345-4085-BDE7-9D06500321BF}.Ad-Hoc|ARM.Build.0 = Release|ARM
		{909B2717-A345-4085-BDE7-9D06500321BF}.Ad-Hoc|ARM.Deploy.0 = Release|ARM
		{909B2717-A345-4085-BDE7-9D06500321BF}.Ad-Hoc|iPhone.ActiveCfg = Release|x86
		{909B2717-A345-4085-BDE7-9D06500321BF}.Ad-Hoc|iPhone.Build.0 = Release|x86
		{909B2717-A345-4085-BDE7-9D06500321BF}.Ad-Hoc|iPhone.Deploy.0 = Release|x86
		{909B2717-A345-4085-BDE7-9D06500321BF}.Ad-Hoc|iPhoneSimulator.ActiveCfg = Release|x86
		{909B2717-A345-4085-BDE7-9D06500321BF}.Ad-Hoc|iPhoneSimulator.Build.0 = Release|x86
		{909B2717-A345-4085-BDE7-9D06500321BF}.Ad-Hoc|iPhoneSimulator.Deploy.0 = Release|x86
		{909B2717-A345-4085-BDE7-9D06500321BF}.Ad-Hoc|x64.ActiveCfg = Release|x64
		{909B2717-A345-4085-BDE7-9D06500321BF}.Ad-Hoc|x64.Build.0 = Release|x64
		{909B2717-A345-4085-BDE7-9D06500321BF}.Ad-Hoc|x64.Deploy.0 = Release|x64
		{909B2717-A345-4085-BDE7-9D06500321BF}.Ad-Hoc|x86.ActiveCfg = Release|x86
		{909B2717-A345-4085-BDE7-9D06500321BF}.Ad-Hoc|x86.Build.0 = Release|x86
		{909B2717-A345-4085-BDE7-9D06500321BF}.Ad-Hoc|x86.Deploy.0 = Release|x86
		{909B2717-A345-4085-BDE7-9D06500321BF}.AppStore|Any CPU.ActiveCfg = Release|x86
		{909B2717-A345-4085-BDE7-9D06500321BF}.AppStore|Any CPU.Build.0 = Release|x86
		{909B2717-A345-4085-BDE7-9D06500321BF}.AppStore|Any CPU.Deploy.0 = Release|x86
		{909B2717-A345-4085-BDE7-9D06500321BF}.AppStore|ARM.ActiveCfg = Release|ARM
		{909B2717-A345-4085-BDE7-9D06500321BF}.AppStore|ARM.Build.0 = Release|ARM
		{909B2717-A345-4085-BDE7-9D06500321BF}.AppStore|ARM.Deploy.0 = Release|ARM
		{909B2717-A345-4085-BDE7-9D06500321BF}.AppStore|iPhone.ActiveCfg = Release|x86
		{909B2717-A345-4085-BDE7-9D06500321BF}.AppStore|iPhone.Build.0 = Release|x86
		{909B2717-A345-4085-BDE7-9D06500321BF}.AppStore|iPhone.Deploy.0 = Release|x86
		{909B2717-A345-4085-BDE7-9D06500321BF}.AppStore|iPhoneSimulator.ActiveCfg = Release|x86
		{909B2717-A345-4085-BDE7-9D06500321BF}.AppStore|iPhoneSimulator.Build.0 = Release|x86
		{909B2717-A345-4085-BDE7-9D06500321BF}.AppStore|iPhoneSimulator.Deploy.0 = Release|x86
		{909B2717-A345-4085-BDE7-9D06500321BF}.AppStore|x64.ActiveCfg = Release|x64
		{909B2717-A345-4085-BDE7-9D06500321BF}.AppStore|x64.Build.0 = Release|x64
		{909B2717-A345-4085-BDE7-9D06500321BF}.AppStore|x64.Deploy.0 = Release|x64
		{909B2717-A345-4085-BDE7-9D06500321BF}.AppStore|x86.ActiveCfg = Release|x86
		{909B2717-A345-4085-BDE7-9D06500321BF}.AppStore|x86.Build.0 = Release|x86
		{909B2717-A345-4085-BDE7-9D06500321BF}.AppStore|x86.Deploy.0 = Release|x86
		{909B2717-A345-4085-BDE7-9D06500321BF}.Debug|Any CPU.ActiveCfg = Debug|x86
		{909B2717-A345-4085-BDE7-9D06500321BF}.Debug|ARM.ActiveCfg = Debug|ARM
		{909B2717-A345-4085-BDE7-9D06500321BF}.Debug|ARM.Build.0 = Debug|ARM
		{909B2717-A345-4085-BDE7-9D06500321BF}.Debug|ARM.Deploy.0 = Debug|ARM
		{909B2717-A345-4085-BDE7-9D06500321BF}.Debug|iPhone.ActiveCfg = Debug|x86
		{909B2717-A345-4085-BDE7-9D06500321BF}.Debug|iPhoneSimulator.ActiveCfg = Debug|x86
		{909B2717-A345-4085-BDE7-9D06500321BF}.Debug|x64.ActiveCfg = Debug|x64
		{909B2717-A345-4085-BDE7-9D06500321BF}.Debug|x64.Build.0 = Debug|x64
		{909B2717-A345-4085-BDE7-9D06500321BF}.Debug|x64.Deploy.0 = Debug|x64
		{909B2717-A345-4085-BDE7-9D06500321BF}.Debug|x86.ActiveCfg = Debug|x86
		{909B2717-A345-4085-BDE7-9D06500321BF}.Debug|x86.Build.0 = Debug|x86
		{909B2717-A345-4085-BDE7-9D06500321BF}.Debug|x86.Deploy.0 = Debug|x86
		{909B2717-A345-4085-BDE7-9D06500321BF}.Release|Any CPU.ActiveCfg = Release|x86
		{909B2717-A345-4085-BDE7-9D06500321BF}.Release|ARM.ActiveCfg = Release|ARM
		{909B2717-A345-4085-BDE7-9D06500321BF}.Release|ARM.Build.0 = Release|ARM
		{909B2717-A345-4085-BDE7-9D06500321BF}.Release|ARM.Deploy.0 = Release|ARM
		{909B2717-A345-4085-BDE7-9D06500321BF}.Release|iPhone.ActiveCfg = Release|x86
		{909B2717-A345-4085-BDE7-9D06500321BF}.Release|iPhoneSimulator.ActiveCfg = Release|x86
		{909B2717-A345-4085-BDE7-9D06500321BF}.Release|x64.ActiveCfg = Release|x64
		{909B2717-A345-4085-BDE7-9D06500321BF}.Release|x64.Build.0 = Release|x64
		{909B2717-A345-4085-BDE7-9D06500321BF}.Release|x64.Deploy.0 = Release|x64
		{909B2717-A345-4085-BDE7-9D06500321BF}.Release|x86.ActiveCfg = Release|x86
		{909B2717-A345-4085-BDE7-9D06500321BF}.Release|x86.Build.0 = Release|x86
		{909B2717-A345-4085-BDE7-9D06500321BF}.Release|x86.Deploy.0 = Release|x86
		{A1BE3D09-4218-4BA3-BB05-960D3C6A6FC7}.Ad-Hoc|Any CPU.ActiveCfg = Debug|Any CPU
		{A1BE3D09-4218-4BA3-BB05-960D3C6A6FC7}.Ad-Hoc|Any CPU.Build.0 = Debug|Any CPU
		{A1BE3D09-4218-4BA3-BB05-960D3C6A6FC7}.Ad-Hoc|ARM.ActiveCfg = Debug|Any CPU
		{A1BE3D09-4218-4BA3-BB05-960D3C6A6FC7}.Ad-Hoc|ARM.Build.0 = Debug|Any CPU
		{A1BE3D09-4218-4BA3-BB05-960D3C6A6FC7}.Ad-Hoc|iPhone.ActiveCfg = Debug|Any CPU
		{A1BE3D09-4218-4BA3-BB05-960D3C6A6FC7}.Ad-Hoc|iPhone.Build.0 = Debug|Any CPU
		{A1BE3D09-4218-4BA3-BB05-960D3C6A6FC7}.Ad-Hoc|iPhoneSimulator.ActiveCfg = Debug|Any CPU
		{A1BE3D09-4218-4BA3-BB05-960D3C6A6FC7}.Ad-Hoc|iPhoneSimulator.Build.0 = Debug|Any CPU
		{A1BE3D09-4218-4BA3-BB05-960D3C6A6FC7}.Ad-Hoc|x64.ActiveCfg = Debug|Any CPU
		{A1BE3D09-4218-4BA3-BB05-960D3C6A6FC7}.Ad-Hoc|x64.Build.0 = Debug|Any CPU
		{A1BE3D09-4218-4BA3-BB05-960D3C6A6FC7}.Ad-Hoc|x86.ActiveCfg = Debug|Any CPU
		{A1BE3D09-4218-4BA3-BB05-960D3C6A6FC7}.Ad-Hoc|x86.Build.0 = Debug|Any CPU
		{A1BE3D09-4218-4BA3-BB05-960D3C6A6FC7}.AppStore|Any CPU.ActiveCfg = Debug|Any CPU
		{A1BE3D09-4218-4BA3-BB05-960D3C6A6FC7}.AppStore|Any CPU.Build.0 = Debug|Any CPU
		{A1BE3D09-4218-4BA3-BB05-960D3C6A6FC7}.AppStore|ARM.ActiveCfg = Debug|Any CPU
		{A1BE3D09-4218-4BA3-BB05-960D3C6A6FC7}.AppStore|ARM.Build.0 = Debug|Any CPU
		{A1BE3D09-4218-4BA3-BB05-960D3C6A6FC7}.AppStore|iPhone.ActiveCfg = Debug|Any CPU
		{A1BE3D09-4218-4BA3-BB05-960D3C6A6FC7}.AppStore|iPhone.Build.0 = Debug|Any CPU
		{A1BE3D09-4218-4BA3-BB05-960D3C6A6FC7}.AppStore|iPhoneSimulator.ActiveCfg = Debug|Any CPU
		{A1BE3D09-4218-4BA3-BB05-960D3C6A6FC7}.AppStore|iPhoneSimulator.Build.0 = Debug|Any CPU
		{A1BE3D09-4218-4BA3-BB05-960D3C6A6FC7}.AppStore|x64.ActiveCfg = Debug|Any CPU
		{A1BE3D09-4218-4BA3-BB05-960D3C6A6FC7}.AppStore|x64.Build.0 = Debug|Any CPU
		{A1BE3D09-4218-4BA3-BB05-960D3C6A6FC7}.AppStore|x86.ActiveCfg = Debug|Any CPU
		{A1BE3D09-4218-4BA3-BB05-960D3C6A6FC7}.AppStore|x86.Build.0 = Debug|Any CPU
		{A1BE3D09-4218-4BA3-BB05-960D3C6A6FC7}.Debug|Any CPU.ActiveCfg = Debug|Any CPU
		{A1BE3D09-4218-4BA3-BB05-960D3C6A6FC7}.Debug|Any CPU.Build.0 = Debug|Any CPU
		{A1BE3D09-4218-4BA3-BB05-960D3C6A6FC7}.Debug|ARM.ActiveCfg = Debug|Any CPU
		{A1BE3D09-4218-4BA3-BB05-960D3C6A6FC7}.Debug|ARM.Build.0 = Debug|Any CPU
		{A1BE3D09-4218-4BA3-BB05-960D3C6A6FC7}.Debug|iPhone.ActiveCfg = Debug|Any CPU
		{A1BE3D09-4218-4BA3-BB05-960D3C6A6FC7}.Debug|iPhone.Build.0 = Debug|Any CPU
		{A1BE3D09-4218-4BA3-BB05-960D3C6A6FC7}.Debug|iPhoneSimulator.ActiveCfg = Debug|Any CPU
		{A1BE3D09-4218-4BA3-BB05-960D3C6A6FC7}.Debug|iPhoneSimulator.Build.0 = Debug|Any CPU
		{A1BE3D09-4218-4BA3-BB05-960D3C6A6FC7}.Debug|x64.ActiveCfg = Debug|Any CPU
		{A1BE3D09-4218-4BA3-BB05-960D3C6A6FC7}.Debug|x64.Build.0 = Debug|Any CPU
		{A1BE3D09-4218-4BA3-BB05-960D3C6A6FC7}.Debug|x86.ActiveCfg = Debug|Any CPU
		{A1BE3D09-4218-4BA3-BB05-960D3C6A6FC7}.Debug|x86.Build.0 = Debug|Any CPU
		{A1BE3D09-4218-4BA3-BB05-960D3C6A6FC7}.Release|Any CPU.ActiveCfg = Release|Any CPU
		{A1BE3D09-4218-4BA3-BB05-960D3C6A6FC7}.Release|Any CPU.Build.0 = Release|Any CPU
		{A1BE3D09-4218-4BA3-BB05-960D3C6A6FC7}.Release|ARM.ActiveCfg = Release|Any CPU
		{A1BE3D09-4218-4BA3-BB05-960D3C6A6FC7}.Release|ARM.Build.0 = Release|Any CPU
		{A1BE3D09-4218-4BA3-BB05-960D3C6A6FC7}.Release|iPhone.ActiveCfg = Release|Any CPU
		{A1BE3D09-4218-4BA3-BB05-960D3C6A6FC7}.Release|iPhone.Build.0 = Release|Any CPU
		{A1BE3D09-4218-4BA3-BB05-960D3C6A6FC7}.Release|iPhoneSimulator.ActiveCfg = Release|Any CPU
		{A1BE3D09-4218-4BA3-BB05-960D3C6A6FC7}.Release|iPhoneSimulator.Build.0 = Release|Any CPU
		{A1BE3D09-4218-4BA3-BB05-960D3C6A6FC7}.Release|x64.ActiveCfg = Release|Any CPU
		{A1BE3D09-4218-4BA3-BB05-960D3C6A6FC7}.Release|x64.Build.0 = Release|Any CPU
		{A1BE3D09-4218-4BA3-BB05-960D3C6A6FC7}.Release|x86.ActiveCfg = Release|Any CPU
		{A1BE3D09-4218-4BA3-BB05-960D3C6A6FC7}.Release|x86.Build.0 = Release|Any CPU
	EndGlobalSection
	GlobalSection(SolutionProperties) = preSolution
		HideSolutionNode = FALSE
	EndGlobalSection
	GlobalSection(NestedProjects) = preSolution
		{BF3C128F-114F-4EA9-BC0B-F74B35D2B45D} = {C962132A-50EB-4537-8DED-00F477C14296}
		{B4235E46-CD20-4B22-8E94-749E3B7B456F} = {C962132A-50EB-4537-8DED-00F477C14296}
		{909B2717-A345-4085-BDE7-9D06500321BF} = {C962132A-50EB-4537-8DED-00F477C14296}
		{A1BE3D09-4218-4BA3-BB05-960D3C6A6FC7} = {C962132A-50EB-4537-8DED-00F477C14296}
	EndGlobalSection
	GlobalSection(ExtensibilityGlobals) = postSolution
		SolutionGuid = {92C001E2-1DB6-41CF-B3AF-7F048DC15F49}
	EndGlobalSection
EndGlobal
