
Microsoft Visual Studio Solution File, Format Version 12.00
# Visual Studio Version 16
VisualStudioVersion = 16.0.30011.22
MinimumVisualStudioVersion = 10.0.40219.1
Project("{FAE04EC0-301F-11D3-BF4B-00C04F79EFBC}") = "TabViewSample.UWP", "TabViewSample\TabViewSample.UWP\TabViewSample.UWP.csproj", "{8877FCD4-24C0-4A08-9F4B-04768E884789}"
EndProject
Project("{FAE04EC0-301F-11D3-BF4B-00C04F79EFBC}") = "TabViewSample.Android", "TabViewSample\TabViewSample.Android\TabViewSample.Android.csproj", "{14B2D6BE-C125-4202-A265-2159814FA54E}"
EndProject
Project("{FAE04EC0-301F-11D3-BF4B-00C04F79EFBC}") = "TabViewSample.iOS", "TabViewSample\TabViewSample.iOS\TabViewSample.iOS.csproj", "{25D89702-E965-4DD6-8CFE-01A8496AC4AE}"
EndProject
Project("{FAE04EC0-301F-11D3-BF4B-00C04F79EFBC}") = "TabViewSample", "TabViewSample\TabViewSample\TabViewSample.csproj", "{D209D4A0-B1DE-4A5A-BF6E-7E25E647927F}"
EndProject
Project("{9A19103F-16F7-4668-BE54-9A1E7A4F7556}") = "Xam.Plugin.TabView", "..\..\Xam.Plugin.TabView\Xam.Plugin.TabView.csproj", "{B7594B1B-49A7-4CA8-B3AB-F84DDC56D154}"
EndProject
Global
	GlobalSection(SolutionConfigurationPlatforms) = preSolution
		Debug|Any CPU = Debug|Any CPU
		Debug|ARM = Debug|ARM
		Debug|iPhone = Debug|iPhone
		Debug|iPhoneSimulator = Debug|iPhoneSimulator
		Debug|x64 = Debug|x64
		Debug|x86 = Debug|x86
		Release|Any CPU = Release|Any CPU
		Release|ARM = Release|ARM
		Release|iPhone = Release|iPhone
		Release|iPhoneSimulator = Release|iPhoneSimulator
		Release|x64 = Release|x64
		Release|x86 = Release|x86
	EndGlobalSection
	GlobalSection(ProjectConfigurationPlatforms) = postSolution
		{8877FCD4-24C0-4A08-9F4B-04768E884789}.Debug|Any CPU.ActiveCfg = Debug|x86
		{8877FCD4-24C0-4A08-9F4B-04768E884789}.Debug|Any CPU.Build.0 = Debug|x86
		{8877FCD4-24C0-4A08-9F4B-04768E884789}.Debug|Any CPU.Deploy.0 = Debug|x86
		{8877FCD4-24C0-4A08-9F4B-04768E884789}.Debug|ARM.ActiveCfg = Debug|ARM
		{8877FCD4-24C0-4A08-9F4B-04768E884789}.Debug|ARM.Build.0 = Debug|ARM
		{8877FCD4-24C0-4A08-9F4B-04768E884789}.Debug|ARM.Deploy.0 = Debug|ARM
		{8877FCD4-24C0-4A08-9F4B-04768E884789}.Debug|iPhone.ActiveCfg = Debug|x86
		{8877FCD4-24C0-4A08-9F4B-04768E884789}.Debug|iPhone.Build.0 = Debug|x86
		{8877FCD4-24C0-4A08-9F4B-04768E884789}.Debug|iPhone.Deploy.0 = Debug|x86
		{8877FCD4-24C0-4A08-9F4B-04768E884789}.Debug|iPhoneSimulator.ActiveCfg = Debug|x86
		{8877FCD4-24C0-4A08-9F4B-04768E884789}.Debug|iPhoneSimulator.Build.0 = Debug|x86
		{8877FCD4-24C0-4A08-9F4B-04768E884789}.Debug|iPhoneSimulator.Deploy.0 = Debug|x86
		{8877FCD4-24C0-4A08-9F4B-04768E884789}.Debug|x64.ActiveCfg = Debug|x64
		{8877FCD4-24C0-4A08-9F4B-04768E884789}.Debug|x64.Build.0 = Debug|x64
		{8877FCD4-24C0-4A08-9F4B-04768E884789}.Debug|x64.Deploy.0 = Debug|x64
		{8877FCD4-24C0-4A08-9F4B-04768E884789}.Debug|x86.ActiveCfg = Debug|x86
		{8877FCD4-24C0-4A08-9F4B-04768E884789}.Debug|x86.Build.0 = Debug|x86
		{8877FCD4-24C0-4A08-9F4B-04768E884789}.Debug|x86.Deploy.0 = Debug|x86
		{8877FCD4-24C0-4A08-9F4B-04768E884789}.Release|Any CPU.ActiveCfg = Release|x86
		{8877FCD4-24C0-4A08-9F4B-04768E884789}.Release|Any CPU.Build.0 = Release|x86
		{8877FCD4-24C0-4A08-9F4B-04768E884789}.Release|Any CPU.Deploy.0 = Release|x86
		{8877FCD4-24C0-4A08-9F4B-04768E884789}.Release|ARM.ActiveCfg = Release|ARM
		{8877FCD4-24C0-4A08-9F4B-04768E884789}.Release|ARM.Build.0 = Release|ARM
		{8877FCD4-24C0-4A08-9F4B-04768E884789}.Release|ARM.Deploy.0 = Release|ARM
		{8877FCD4-24C0-4A08-9F4B-04768E884789}.Release|iPhone.ActiveCfg = Release|x86
		{8877FCD4-24C0-4A08-9F4B-04768E884789}.Release|iPhone.Build.0 = Release|x86
		{8877FCD4-24C0-4A08-9F4B-04768E884789}.Release|iPhone.Deploy.0 = Release|x86
		{8877FCD4-24C0-4A08-9F4B-04768E884789}.Release|iPhoneSimulator.ActiveCfg = Release|x86
		{8877FCD4-24C0-4A08-9F4B-04768E884789}.Release|iPhoneSimulator.Build.0 = Release|x86
		{8877FCD4-24C0-4A08-9F4B-04768E884789}.Release|iPhoneSimulator.Deploy.0 = Release|x86
		{8877FCD4-24C0-4A08-9F4B-04768E884789}.Release|x64.ActiveCfg = Release|x64
		{8877FCD4-24C0-4A08-9F4B-04768E884789}.Release|x64.Build.0 = Release|x64
		{8877FCD4-24C0-4A08-9F4B-04768E884789}.Release|x64.Deploy.0 = Release|x64
		{8877FCD4-24C0-4A08-9F4B-04768E884789}.Release|x86.ActiveCfg = Release|x86
		{8877FCD4-24C0-4A08-9F4B-04768E884789}.Release|x86.Build.0 = Release|x86
		{8877FCD4-24C0-4A08-9F4B-04768E884789}.Release|x86.Deploy.0 = Release|x86
		{14B2D6BE-C125-4202-A265-2159814FA54E}.Debug|Any CPU.ActiveCfg = Debug|Any CPU
		{14B2D6BE-C125-4202-A265-2159814FA54E}.Debug|Any CPU.Build.0 = Debug|Any CPU
		{14B2D6BE-C125-4202-A265-2159814FA54E}.Debug|Any CPU.Deploy.0 = Debug|Any CPU
		{14B2D6BE-C125-4202-A265-2159814FA54E}.Debug|ARM.ActiveCfg = Debug|Any CPU
		{14B2D6BE-C125-4202-A265-2159814FA54E}.Debug|ARM.Build.0 = Debug|Any CPU
		{14B2D6BE-C125-4202-A265-2159814FA54E}.Debug|ARM.Deploy.0 = Debug|Any CPU
		{14B2D6BE-C125-4202-A265-2159814FA54E}.Debug|iPhone.ActiveCfg = Debug|Any CPU
		{14B2D6BE-C125-4202-A265-2159814FA54E}.Debug|iPhone.Build.0 = Debug|Any CPU
		{14B2D6BE-C125-4202-A265-2159814FA54E}.Debug|iPhone.Deploy.0 = Debug|Any CPU
		{14B2D6BE-C125-4202-A265-2159814FA54E}.Debug|iPhoneSimulator.ActiveCfg = Debug|Any CPU
		{14B2D6BE-C125-4202-A265-2159814FA54E}.Debug|iPhoneSimulator.Build.0 = Debug|Any CPU
		{14B2D6BE-C125-4202-A265-2159814FA54E}.Debug|iPhoneSimulator.Deploy.0 = Debug|Any CPU
		{14B2D6BE-C125-4202-A265-2159814FA54E}.Debug|x64.ActiveCfg = Debug|Any CPU
		{14B2D6BE-C125-4202-A265-2159814FA54E}.Debug|x64.Build.0 = Debug|Any CPU
		{14B2D6BE-C125-4202-A265-2159814FA54E}.Debug|x64.Deploy.0 = Debug|Any CPU
		{14B2D6BE-C125-4202-A265-2159814FA54E}.Debug|x86.ActiveCfg = Debug|Any CPU
		{14B2D6BE-C125-4202-A265-2159814FA54E}.Debug|x86.Build.0 = Debug|Any CPU
		{14B2D6BE-C125-4202-A265-2159814FA54E}.Debug|x86.Deploy.0 = Debug|Any CPU
		{14B2D6BE-C125-4202-A265-2159814FA54E}.Release|Any CPU.ActiveCfg = Release|Any CPU
		{14B2D6BE-C125-4202-A265-2159814FA54E}.Release|Any CPU.Build.0 = Release|Any CPU
		{14B2D6BE-C125-4202-A265-2159814FA54E}.Release|Any CPU.Deploy.0 = Release|Any CPU
		{14B2D6BE-C125-4202-A265-2159814FA54E}.Release|ARM.ActiveCfg = Release|Any CPU
		{14B2D6BE-C125-4202-A265-2159814FA54E}.Release|ARM.Build.0 = Release|Any CPU
		{14B2D6BE-C125-4202-A265-2159814FA54E}.Release|ARM.Deploy.0 = Release|Any CPU
		{14B2D6BE-C125-4202-A265-2159814FA54E}.Release|iPhone.ActiveCfg = Release|Any CPU
		{14B2D6BE-C125-4202-A265-2159814FA54E}.Release|iPhone.Build.0 = Release|Any CPU
		{14B2D6BE-C125-4202-A265-2159814FA54E}.Release|iPhone.Deploy.0 = Release|Any CPU
		{14B2D6BE-C125-4202-A265-2159814FA54E}.Release|iPhoneSimulator.ActiveCfg = Release|Any CPU
		{14B2D6BE-C125-4202-A265-2159814FA54E}.Release|iPhoneSimulator.Build.0 = Release|Any CPU
		{14B2D6BE-C125-4202-A265-2159814FA54E}.Release|iPhoneSimulator.Deploy.0 = Release|Any CPU
		{14B2D6BE-C125-4202-A265-2159814FA54E}.Release|x64.ActiveCfg = Release|Any CPU
		{14B2D6BE-C125-4202-A265-2159814FA54E}.Release|x64.Build.0 = Release|Any CPU
		{14B2D6BE-C125-4202-A265-2159814FA54E}.Release|x64.Deploy.0 = Release|Any CPU
		{14B2D6BE-C125-4202-A265-2159814FA54E}.Release|x86.ActiveCfg = Release|Any CPU
		{14B2D6BE-C125-4202-A265-2159814FA54E}.Release|x86.Build.0 = Release|Any CPU
		{14B2D6BE-C125-4202-A265-2159814FA54E}.Release|x86.Deploy.0 = Release|Any CPU
		{25D89702-E965-4DD6-8CFE-01A8496AC4AE}.Debug|Any CPU.ActiveCfg = Debug|iPhone
		{25D89702-E965-4DD6-8CFE-01A8496AC4AE}.Debug|Any CPU.Build.0 = Debug|iPhone
		{25D89702-E965-4DD6-8CFE-01A8496AC4AE}.Debug|Any CPU.Deploy.0 = Debug|iPhone
		{25D89702-E965-4DD6-8CFE-01A8496AC4AE}.Debug|ARM.ActiveCfg = Debug|iPhone
		{25D89702-E965-4DD6-8CFE-01A8496AC4AE}.Debug|ARM.Build.0 = Debug|iPhone
		{25D89702-E965-4DD6-8CFE-01A8496AC4AE}.Debug|ARM.Deploy.0 = Debug|iPhone
		{25D89702-E965-4DD6-8CFE-01A8496AC4AE}.Debug|iPhone.ActiveCfg = Debug|iPhone
		{25D89702-E965-4DD6-8CFE-01A8496AC4AE}.Debug|iPhone.Build.0 = Debug|iPhone
		{25D89702-E965-4DD6-8CFE-01A8496AC4AE}.Debug|iPhone.Deploy.0 = Debug|iPhone
		{25D89702-E965-4DD6-8CFE-01A8496AC4AE}.Debug|iPhoneSimulator.ActiveCfg = Debug|iPhoneSimulator
		{25D89702-E965-4DD6-8CFE-01A8496AC4AE}.Debug|iPhoneSimulator.Build.0 = Debug|iPhoneSimulator
		{25D89702-E965-4DD6-8CFE-01A8496AC4AE}.Debug|iPhoneSimulator.Deploy.0 = Debug|iPhoneSimulator
		{25D89702-E965-4DD6-8CFE-01A8496AC4AE}.Debug|x64.ActiveCfg = Debug|iPhone
		{25D89702-E965-4DD6-8CFE-01A8496AC4AE}.Debug|x64.Build.0 = Debug|iPhone
		{25D89702-E965-4DD6-8CFE-01A8496AC4AE}.Debug|x64.Deploy.0 = Debug|iPhone
		{25D89702-E965-4DD6-8CFE-01A8496AC4AE}.Debug|x86.ActiveCfg = Debug|iPhone
		{25D89702-E965-4DD6-8CFE-01A8496AC4AE}.Debug|x86.Build.0 = Debug|iPhone
		{25D89702-E965-4DD6-8CFE-01A8496AC4AE}.Debug|x86.Deploy.0 = Debug|iPhone
		{25D89702-E965-4DD6-8CFE-01A8496AC4AE}.Release|Any CPU.ActiveCfg = Release|iPhone
		{25D89702-E965-4DD6-8CFE-01A8496AC4AE}.Release|Any CPU.Build.0 = Release|iPhone
		{25D89702-E965-4DD6-8CFE-01A8496AC4AE}.Release|Any CPU.Deploy.0 = Release|iPhone
		{25D89702-E965-4DD6-8CFE-01A8496AC4AE}.Release|ARM.ActiveCfg = Release|iPhone
		{25D89702-E965-4DD6-8CFE-01A8496AC4AE}.Release|ARM.Build.0 = Release|iPhone
		{25D89702-E965-4DD6-8CFE-01A8496AC4AE}.Release|ARM.Deploy.0 = Release|iPhone
		{25D89702-E965-4DD6-8CFE-01A8496AC4AE}.Release|iPhone.ActiveCfg = Release|iPhone
		{25D89702-E965-4DD6-8CFE-01A8496AC4AE}.Release|iPhone.Build.0 = Release|iPhone
		{25D89702-E965-4DD6-8CFE-01A8496AC4AE}.Release|iPhone.Deploy.0 = Release|iPhone
		{25D89702-E965-4DD6-8CFE-01A8496AC4AE}.Release|iPhoneSimulator.ActiveCfg = Release|iPhoneSimulator
		{25D89702-E965-4DD6-8CFE-01A8496AC4AE}.Release|iPhoneSimulator.Build.0 = Release|iPhoneSimulator
		{25D89702-E965-4DD6-8CFE-01A8496AC4AE}.Release|iPhoneSimulator.Deploy.0 = Release|iPhoneSimulator
		{25D89702-E965-4DD6-8CFE-01A8496AC4AE}.Release|x64.ActiveCfg = Release|iPhone
		{25D89702-E965-4DD6-8CFE-01A8496AC4AE}.Release|x64.Build.0 = Release|iPhone
		{25D89702-E965-4DD6-8CFE-01A8496AC4AE}.Release|x64.Deploy.0 = Release|iPhone
		{25D89702-E965-4DD6-8CFE-01A8496AC4AE}.Release|x86.ActiveCfg = Release|iPhone
		{25D89702-E965-4DD6-8CFE-01A8496AC4AE}.Release|x86.Build.0 = Release|iPhone
		{25D89702-E965-4DD6-8CFE-01A8496AC4AE}.Release|x86.Deploy.0 = Release|iPhone
		{D209D4A0-B1DE-4A5A-BF6E-7E25E647927F}.Debug|Any CPU.ActiveCfg = Debug|Any CPU
		{D209D4A0-B1DE-4A5A-BF6E-7E25E647927F}.Debug|Any CPU.Build.0 = Debug|Any CPU
		{D209D4A0-B1DE-4A5A-BF6E-7E25E647927F}.Debug|Any CPU.Deploy.0 = Debug|Any CPU
		{D209D4A0-B1DE-4A5A-BF6E-7E25E647927F}.Debug|ARM.ActiveCfg = Debug|Any CPU
		{D209D4A0-B1DE-4A5A-BF6E-7E25E647927F}.Debug|ARM.Build.0 = Debug|Any CPU
		{D209D4A0-B1DE-4A5A-BF6E-7E25E647927F}.Debug|ARM.Deploy.0 = Debug|Any CPU
		{D209D4A0-B1DE-4A5A-BF6E-7E25E647927F}.Debug|iPhone.ActiveCfg = Debug|Any CPU
		{D209D4A0-B1DE-4A5A-BF6E-7E25E647927F}.Debug|iPhone.Build.0 = Debug|Any CPU
		{D209D4A0-B1DE-4A5A-BF6E-7E25E647927F}.Debug|iPhone.Deploy.0 = Debug|Any CPU
		{D209D4A0-B1DE-4A5A-BF6E-7E25E647927F}.Debug|iPhoneSimulator.ActiveCfg = Debug|Any CPU
		{D209D4A0-B1DE-4A5A-BF6E-7E25E647927F}.Debug|iPhoneSimulator.Build.0 = Debug|Any CPU
		{D209D4A0-B1DE-4A5A-BF6E-7E25E647927F}.Debug|iPhoneSimulator.Deploy.0 = Debug|Any CPU
		{D209D4A0-B1DE-4A5A-BF6E-7E25E647927F}.Debug|x64.ActiveCfg = Debug|Any CPU
		{D209D4A0-B1DE-4A5A-BF6E-7E25E647927F}.Debug|x64.Build.0 = Debug|Any CPU
		{D209D4A0-B1DE-4A5A-BF6E-7E25E647927F}.Debug|x64.Deploy.0 = Debug|Any CPU
		{D209D4A0-B1DE-4A5A-BF6E-7E25E647927F}.Debug|x86.ActiveCfg = Debug|Any CPU
		{D209D4A0-B1DE-4A5A-BF6E-7E25E647927F}.Debug|x86.Build.0 = Debug|Any CPU
		{D209D4A0-B1DE-4A5A-BF6E-7E25E647927F}.Debug|x86.Deploy.0 = Debug|Any CPU
		{D209D4A0-B1DE-4A5A-BF6E-7E25E647927F}.Release|Any CPU.ActiveCfg = Release|Any CPU
		{D209D4A0-B1DE-4A5A-BF6E-7E25E647927F}.Release|Any CPU.Build.0 = Release|Any CPU
		{D209D4A0-B1DE-4A5A-BF6E-7E25E647927F}.Release|Any CPU.Deploy.0 = Release|Any CPU
		{D209D4A0-B1DE-4A5A-BF6E-7E25E647927F}.Release|ARM.ActiveCfg = Release|Any CPU
		{D209D4A0-B1DE-4A5A-BF6E-7E25E647927F}.Release|ARM.Build.0 = Release|Any CPU
		{D209D4A0-B1DE-4A5A-BF6E-7E25E647927F}.Release|ARM.Deploy.0 = Release|Any CPU
		{D209D4A0-B1DE-4A5A-BF6E-7E25E647927F}.Release|iPhone.ActiveCfg = Release|Any CPU
		{D209D4A0-B1DE-4A5A-BF6E-7E25E647927F}.Release|iPhone.Build.0 = Release|Any CPU
		{D209D4A0-B1DE-4A5A-BF6E-7E25E647927F}.Release|iPhone.Deploy.0 = Release|Any CPU
		{D209D4A0-B1DE-4A5A-BF6E-7E25E647927F}.Release|iPhoneSimulator.ActiveCfg = Release|Any CPU
		{D209D4A0-B1DE-4A5A-BF6E-7E25E647927F}.Release|iPhoneSimulator.Build.0 = Release|Any CPU
		{D209D4A0-B1DE-4A5A-BF6E-7E25E647927F}.Release|iPhoneSimulator.Deploy.0 = Release|Any CPU
		{D209D4A0-B1DE-4A5A-BF6E-7E25E647927F}.Release|x64.ActiveCfg = Release|Any CPU
		{D209D4A0-B1DE-4A5A-BF6E-7E25E647927F}.Release|x64.Build.0 = Release|Any CPU
		{D209D4A0-B1DE-4A5A-BF6E-7E25E647927F}.Release|x64.Deploy.0 = Release|Any CPU
		{D209D4A0-B1DE-4A5A-BF6E-7E25E647927F}.Release|x86.ActiveCfg = Release|Any CPU
		{D209D4A0-B1DE-4A5A-BF6E-7E25E647927F}.Release|x86.Build.0 = Release|Any CPU
		{D209D4A0-B1DE-4A5A-BF6E-7E25E647927F}.Release|x86.Deploy.0 = Release|Any CPU
		{B7594B1B-49A7-4CA8-B3AB-F84DDC56D154}.Debug|Any CPU.ActiveCfg = Debug|Any CPU
		{B7594B1B-49A7-4CA8-B3AB-F84DDC56D154}.Debug|Any CPU.Build.0 = Debug|Any CPU
		{B7594B1B-49A7-4CA8-B3AB-F84DDC56D154}.Debug|ARM.ActiveCfg = Debug|Any CPU
		{B7594B1B-49A7-4CA8-B3AB-F84DDC56D154}.Debug|ARM.Build.0 = Debug|Any CPU
		{B7594B1B-49A7-4CA8-B3AB-F84DDC56D154}.Debug|iPhone.ActiveCfg = Debug|Any CPU
		{B7594B1B-49A7-4CA8-B3AB-F84DDC56D154}.Debug|iPhone.Build.0 = Debug|Any CPU
		{B7594B1B-49A7-4CA8-B3AB-F84DDC56D154}.Debug|iPhoneSimulator.ActiveCfg = Debug|Any CPU
		{B7594B1B-49A7-4CA8-B3AB-F84DDC56D154}.Debug|iPhoneSimulator.Build.0 = Debug|Any CPU
		{B7594B1B-49A7-4CA8-B3AB-F84DDC56D154}.Debug|x64.ActiveCfg = Debug|Any CPU
		{B7594B1B-49A7-4CA8-B3AB-F84DDC56D154}.Debug|x64.Build.0 = Debug|Any CPU
		{B7594B1B-49A7-4CA8-B3AB-F84DDC56D154}.Debug|x86.ActiveCfg = Debug|Any CPU
		{B7594B1B-49A7-4CA8-B3AB-F84DDC56D154}.Debug|x86.Build.0 = Debug|Any CPU
		{B7594B1B-49A7-4CA8-B3AB-F84DDC56D154}.Release|Any CPU.ActiveCfg = Release|Any CPU
		{B7594B1B-49A7-4CA8-B3AB-F84DDC56D154}.Release|Any CPU.Build.0 = Release|Any CPU
		{B7594B1B-49A7-4CA8-B3AB-F84DDC56D154}.Release|ARM.ActiveCfg = Release|Any CPU
		{B7594B1B-49A7-4CA8-B3AB-F84DDC56D154}.Release|ARM.Build.0 = Release|Any CPU
		{B7594B1B-49A7-4CA8-B3AB-F84DDC56D154}.Release|iPhone.ActiveCfg = Release|Any CPU
		{B7594B1B-49A7-4CA8-B3AB-F84DDC56D154}.Release|iPhone.Build.0 = Release|Any CPU
		{B7594B1B-49A7-4CA8-B3AB-F84DDC56D154}.Release|iPhoneSimulator.ActiveCfg = Release|Any CPU
		{B7594B1B-49A7-4CA8-B3AB-F84DDC56D154}.Release|iPhoneSimulator.Build.0 = Release|Any CPU
		{B7594B1B-49A7-4CA8-B3AB-F84DDC56D154}.Release|x64.ActiveCfg = Release|Any CPU
		{B7594B1B-49A7-4CA8-B3AB-F84DDC56D154}.Release|x64.Build.0 = Release|Any CPU
		{B7594B1B-49A7-4CA8-B3AB-F84DDC56D154}.Release|x86.ActiveCfg = Release|Any CPU
		{B7594B1B-49A7-4CA8-B3AB-F84DDC56D154}.Release|x86.Build.0 = Release|Any CPU
	EndGlobalSection
	GlobalSection(SolutionProperties) = preSolution
		HideSolutionNode = FALSE
	EndGlobalSection
	GlobalSection(ExtensibilityGlobals) = postSolution
		SolutionGuid = {94983876-E0D9-4168-B139-5D7A215B5532}
	EndGlobalSection
EndGlobal
